
Microsoft Visual Studio Solution File, Format Version 12.00
# Visual Studio Version 16
VisualStudioVersion = 16.0.30413.136
MinimumVisualStudioVersion = 10.0.40219.1
Project("{9A19103F-16F7-4668-BE54-9A1E7A4F7556}") = "Algorithms", "Algorithms.csproj", "{340E92D7-199B-4B53-B092-C95A40198CC4}"
EndProject
Project("{FAE04EC0-301F-11D3-BF4B-00C04F79EFBC}") = "XUnitAlgorithmsTest", "..\XUnitAlgorithmsTest\XUnitAlgorithmsTest.csproj", "{0DDF1992-D7DB-4D56-B6BA-2BD7B1201CA3}"
EndProject
Global
	GlobalSection(SolutionConfigurationPlatforms) = preSolution
		Debug|Any CPU = Debug|Any CPU
		Release|Any CPU = Release|Any CPU
	EndGlobalSection
	GlobalSection(ProjectConfigurationPlatforms) = postSolution
		{340E92D7-199B-4B53-B092-C95A40198CC4}.Debug|Any CPU.ActiveCfg = Debug|Any CPU
		{340E92D7-199B-4B53-B092-C95A40198CC4}.Debug|Any CPU.Build.0 = Debug|Any CPU
		{340E92D7-199B-4B53-B092-C95A40198CC4}.Release|Any CPU.ActiveCfg = Release|Any CPU
		{340E92D7-199B-4B53-B092-C95A40198CC4}.Release|Any CPU.Build.0 = Release|Any CPU
		{0DDF1992-D7DB-4D56-B6BA-2BD7B1201CA3}.Debug|Any CPU.ActiveCfg = Debug|Any CPU
		{0DDF1992-D7DB-4D56-B6BA-2BD7B1201CA3}.Debug|Any CPU.Build.0 = Debug|Any CPU
		{0DDF1992-D7DB-4D56-B6BA-2BD7B1201CA3}.Release|Any CPU.ActiveCfg = Release|Any CPU
		{0DDF1992-D7DB-4D56-B6BA-2BD7B1201CA3}.Release|Any CPU.Build.0 = Release|Any CPU
	EndGlobalSection
	GlobalSection(SolutionProperties) = preSolution
		HideSolutionNode = FALSE
	EndGlobalSection
	GlobalSection(ExtensibilityGlobals) = postSolution
		SolutionGuid = {172F020D-25A3-4524-94F4-4CDBFD1045FC}
	EndGlobalSection
EndGlobal
